
Microsoft Visual Studio Solution File, Format Version 12.00
# Visual Studio Version 17
VisualStudioVersion = 17.9.34728.123
MinimumVisualStudioVersion = 10.0.40219.1
Project("{FAE04EC0-301F-11D3-BF4B-00C04F79EFBC}") = "EstateSaleProject", "EstateSaleProject\EstateSaleProject.csproj", "{7E69967A-A22F-4943-AAF3-61E9C510BD8A}"
EndProject
Project("{FAE04EC0-301F-11D3-BF4B-00C04F79EFBC}") = "EstateSaleUI", "EstateSaleUI\EstateSaleUI.csproj", "{E8530EDA-6300-4934-9CE4-77A16CED434B}"
EndProject
Global
	GlobalSection(SolutionConfigurationPlatforms) = preSolution
		Debug|Any CPU = Debug|Any CPU
		Release|Any CPU = Release|Any CPU
	EndGlobalSection
	GlobalSection(ProjectConfigurationPlatforms) = postSolution
		{7E69967A-A22F-4943-AAF3-61E9C510BD8A}.Debug|Any CPU.ActiveCfg = Debug|Any CPU
		{7E69967A-A22F-4943-AAF3-61E9C510BD8A}.Debug|Any CPU.Build.0 = Debug|Any CPU
		{7E69967A-A22F-4943-AAF3-61E9C510BD8A}.Release|Any CPU.ActiveCfg = Release|Any CPU
		{7E69967A-A22F-4943-AAF3-61E9C510BD8A}.Release|Any CPU.Build.0 = Release|Any CPU
		{E8530EDA-6300-4934-9CE4-77A16CED434B}.Debug|Any CPU.ActiveCfg = Debug|Any CPU
		{E8530EDA-6300-4934-9CE4-77A16CED434B}.Debug|Any CPU.Build.0 = Debug|Any CPU
		{E8530EDA-6300-4934-9CE4-77A16CED434B}.Release|Any CPU.ActiveCfg = Release|Any CPU
		{E8530EDA-6300-4934-9CE4-77A16CED434B}.Release|Any CPU.Build.0 = Release|Any CPU
	EndGlobalSection
	GlobalSection(SolutionProperties) = preSolution
		HideSolutionNode = FALSE
	EndGlobalSection
	GlobalSection(ExtensibilityGlobals) = postSolution
		SolutionGuid = {8E2F9849-F77D-4B56-85AB-7CD1DABF6442}
	EndGlobalSection
EndGlobal
